// !$*UTF8*$!
{
	archiveVersion = 1;
	classes = {
	};
	objectVersion = 56;
	objects = {

/* Begin PBXBuildFile section */
		BF00000000000000000004 /* AEEngine.m in Sources */ = {isa = PBXBuildFile; fileRef = FR00000000000000000003 /* AEEngine.m */; };
		BF00000000000000000008 /* AECamera.m in Sources */ = {isa = PBXBuildFile; fileRef = FR00000000000000000007 /* AECamera.m */; };
		BF00000000000000000012 /* AERenderer.m in Sources */ = {isa = PBXBuildFile; fileRef = FR00000000000000000011 /* AERenderer.m */; };
		BF00000000000000000014 /* AEModelView.m in Sources */ = {isa = PBXBuildFile; fileRef = FR0000000000000000000F /* AEModelView.m */; };
		BF00000000000000000016 /* AEMesh.m in Sources */ = {isa = PBXBuildFile; fileRef = FR00000000000000000015 /* AEMesh.m */; };
		BF00000000000000000020 /* AEGltfLoader.m in Sources */ = {isa = PBXBuildFile; fileRef = FR00000000000000000019 /* AEGltfLoader.m */; };
		BF00000000000000000024 /* AEMaterial.m in Sources */ = {isa = PBXBuildFile; fileRef = FR00000000000000000023 /* AEMaterial.m */; };
		BF00000000000000000028 /* AEMath.m in Sources */ = {isa = PBXBuildFile; fileRef = FR00000000000000000027 /* AEMath.m */; };
		BF00000000000000000030 /* Basic.metal in Sources */ = {isa = PBXBuildFile; fileRef = FR00000000000000000029 /* Basic.metal */; };
		BF00000000000000000032 /* AppDelegate.swift in Sources */ = {isa = PBXBuildFile; fileRef = FR00000000000000000031 /* AppDelegate.swift */; };
		BF00000000000000000034 /* ViewController.swift in Sources */ = {isa = PBXBuildFile; fileRef = FR00000000000000000033 /* ViewController.swift */; };
		BF00000000000000000040 /* Box.gltf in Resources */ = {isa = PBXBuildFile; fileRef = FR00000000000000000039 /* Box.gltf */; };
		BF00000000000000000042 /* Box0.bin in Resources */ = {isa = PBXBuildFile; fileRef = FR00000000000000000041 /* Box0.bin */; };
		FB00000000000000000044 /* Metal.framework in Frameworks */ = {isa = PBXBuildFile; fileRef = FW00000000000000000043 /* Metal.framework */; };
		FB00000000000000000046 /* MetalKit.framework in Frameworks */ = {isa = PBXBuildFile; fileRef = FW00000000000000000045 /* MetalKit.framework */; };
		FB00000000000000000048 /* ModelIO.framework in Frameworks */ = {isa = PBXBuildFile; fileRef = FW00000000000000000047 /* ModelIO.framework */; };
		FB00000000000000000050 /* UIKit.framework in Frameworks */ = {isa = PBXBuildFile; fileRef = FW00000000000000000049 /* UIKit.framework */; };
		FB00000000000000000052 /* Foundation.framework in Frameworks */ = {isa = PBXBuildFile; fileRef = FW00000000000000000051 /* Foundation.framework */; };
/* End PBXBuildFile section */

/* Begin PBXFileReference section */
		FR00000000000000000000 /* Aether.h */ = {isa = PBXFileReference; lastKnownFileType = sourcecode.c.h; name = Aether.h; path = ../Aether/Aether.h; sourceTree = SOURCE_ROOT; };
		FR00000000000000000001 /* AEEngine.h */ = {isa = PBXFileReference; lastKnownFileType = sourcecode.c.h; name = AEEngine.h; path = ../Aether/Core/AEEngine.h; sourceTree = SOURCE_ROOT; };
		FR00000000000000000003 /* AEEngine.m */ = {isa = PBXFileReference; lastKnownFileType = sourcecode.c.objc; name = AEEngine.m; path = ../Aether/Core/AEEngine.m; sourceTree = SOURCE_ROOT; };
		FR00000000000000000005 /* AECamera.h */ = {isa = PBXFileReference; lastKnownFileType = sourcecode.c.h; name = AECamera.h; path = ../Aether/Core/AECamera.h; sourceTree = SOURCE_ROOT; };
		FR00000000000000000007 /* AECamera.m */ = {isa = PBXFileReference; lastKnownFileType = sourcecode.c.objc; name = AECamera.m; path = ../Aether/Core/AECamera.m; sourceTree = SOURCE_ROOT; };
		FR00000000000000000009 /* AERenderer.h */ = {isa = PBXFileReference; lastKnownFileType = sourcecode.c.h; name = AERenderer.h; path = ../Aether/Core/AERenderer.h; sourceTree = SOURCE_ROOT; };
		FR00000000000000000011 /* AERenderer.m */ = {isa = PBXFileReference; lastKnownFileType = sourcecode.c.objc; name = AERenderer.m; path = ../Aether/Core/AERenderer.m; sourceTree = SOURCE_ROOT; };
		FR0000000000000000000E /* AEModelView.h */ = {isa = PBXFileReference; lastKnownFileType = sourcecode.c.h; name = AEModelView.h; path = ../Aether/Core/AEModelView.h; sourceTree = SOURCE_ROOT; };
		FR0000000000000000000F /* AEModelView.m */ = {isa = PBXFileReference; lastKnownFileType = sourcecode.c.objc; name = AEModelView.m; path = ../Aether/Core/AEModelView.m; sourceTree = SOURCE_ROOT; };
		FR00000000000000000013 /* AEMesh.h */ = {isa = PBXFileReference; lastKnownFileType = sourcecode.c.h; name = AEMesh.h; path = ../Aether/Model/AEMesh.h; sourceTree = SOURCE_ROOT; };
		FR00000000000000000015 /* AEMesh.m */ = {isa = PBXFileReference; lastKnownFileType = sourcecode.c.objc; name = AEMesh.m; path = ../Aether/Model/AEMesh.m; sourceTree = SOURCE_ROOT; };
		FR00000000000000000017 /* AEGltfLoader.h */ = {isa = PBXFileReference; lastKnownFileType = sourcecode.c.h; name = AEGltfLoader.h; path = ../Aether/Model/AEGltfLoader.h; sourceTree = SOURCE_ROOT; };
		FR00000000000000000019 /* AEGltfLoader.m */ = {isa = PBXFileReference; lastKnownFileType = sourcecode.c.objc; name = AEGltfLoader.m; path = ../Aether/Model/AEGltfLoader.m; sourceTree = SOURCE_ROOT; };
		FR00000000000000000021 /* AEMaterial.h */ = {isa = PBXFileReference; lastKnownFileType = sourcecode.c.h; name = AEMaterial.h; path = ../Aether/Material/AEMaterial.h; sourceTree = SOURCE_ROOT; };
		FR00000000000000000023 /* AEMaterial.m */ = {isa = PBXFileReference; lastKnownFileType = sourcecode.c.objc; name = AEMaterial.m; path = ../Aether/Material/AEMaterial.m; sourceTree = SOURCE_ROOT; };
		FR00000000000000000025 /* AEMath.h */ = {isa = PBXFileReference; lastKnownFileType = sourcecode.c.h; name = AEMath.h; path = ../Aether/Math/AEMath.h; sourceTree = SOURCE_ROOT; };
		FR00000000000000000027 /* AEMath.m */ = {isa = PBXFileReference; lastKnownFileType = sourcecode.c.objc; name = AEMath.m; path = ../Aether/Math/AEMath.m; sourceTree = SOURCE_ROOT; };
		FR00000000000000000029 /* Basic.metal */ = {isa = PBXFileReference; lastKnownFileType = sourcecode.metal; name = Basic.metal; path = ../Aether/Shaders/Basic.metal; sourceTree = SOURCE_ROOT; };
		FR00000000000000000031 /* AppDelegate.swift */ = {isa = PBXFileReference; lastKnownFileType = sourcecode.swift; name = AppDelegate.swift; path = AetherDemo/AppDelegate.swift; sourceTree = SOURCE_ROOT; };
		FR00000000000000000033 /* ViewController.swift */ = {isa = PBXFileReference; lastKnownFileType = sourcecode.swift; name = ViewController.swift; path = AetherDemo/ViewController.swift; sourceTree = SOURCE_ROOT; };
		FR00000000000000000035 /* AetherDemo-Bridging-Header.h */ = {isa = PBXFileReference; lastKnownFileType = sourcecode.c.h; name = "AetherDemo-Bridging-Header.h"; path = "AetherDemo/AetherDemo-Bridging-Header.h"; sourceTree = SOURCE_ROOT; };
		FR00000000000000000037 /* Info.plist */ = {isa = PBXFileReference; lastKnownFileType = text.plist.xml; name = Info.plist; path = AetherDemo/Info.plist; sourceTree = SOURCE_ROOT; };
		FR00000000000000000039 /* Box.gltf */ = {isa = PBXFileReference; lastKnownFileType = text; name = Box.gltf; path = AetherDemo/Resources/Box/Box.gltf; sourceTree = SOURCE_ROOT; };
		FR00000000000000000041 /* Box0.bin */ = {isa = PBXFileReference; lastKnownFileType = archive.ar; name = Box0.bin; path = AetherDemo/Resources/Box/Box0.bin; sourceTree = SOURCE_ROOT; };
		FW00000000000000000043 /* Metal.framework */ = {isa = PBXFileReference; lastKnownFileType = wrapper.framework; name = Metal.framework; path = Platforms/iPhoneOS.platform/Developer/SDKs/iPhoneOS.sdk/System/Library/Frameworks/Metal.framework; sourceTree = DEVELOPER_DIR; };
		FW00000000000000000045 /* MetalKit.framework */ = {isa = PBXFileReference; lastKnownFileType = wrapper.framework; name = MetalKit.framework; path = Platforms/iPhoneOS.platform/Developer/SDKs/iPhoneOS.sdk/System/Library/Frameworks/MetalKit.framework; sourceTree = DEVELOPER_DIR; };
		FW00000000000000000047 /* ModelIO.framework */ = {isa = PBXFileReference; lastKnownFileType = wrapper.framework; name = ModelIO.framework; path = Platforms/iPhoneOS.platform/Developer/SDKs/iPhoneOS.sdk/System/Library/Frameworks/ModelIO.framework; sourceTree = DEVELOPER_DIR; };
		FW00000000000000000049 /* UIKit.framework */ = {isa = PBXFileReference; lastKnownFileType = wrapper.framework; name = UIKit.framework; path = Platforms/iPhoneOS.platform/Developer/SDKs/iPhoneOS.sdk/System/Library/Frameworks/UIKit.framework; sourceTree = DEVELOPER_DIR; };
		FW00000000000000000051 /* Foundation.framework */ = {isa = PBXFileReference; lastKnownFileType = wrapper.framework; name = Foundation.framework; path = Platforms/iPhoneOS.platform/Developer/SDKs/iPhoneOS.sdk/System/Library/Frameworks/Foundation.framework; sourceTree = DEVELOPER_DIR; };
		PR00000000000000000053 /* AetherDemo.app */ = {isa = PBXFileReference; explicitFileType = wrapper.application; includeInIndex = 0; path = AetherDemo.app; sourceTree = BUILT_PRODUCTS_DIR; };
/* End PBXFileReference section */

/* Begin PBXFrameworksBuildPhase section */
		PH00000000000000000063 /* Frameworks */ = {
			isa = PBXFrameworksBuildPhase;
			buildActionMask = 2147483647;
			files = (
				FB00000000000000000044 /* Metal.framework in Frameworks */,
				FB00000000000000000046 /* MetalKit.framework in Frameworks */,
				FB00000000000000000048 /* ModelIO.framework in Frameworks */,
				FB00000000000000000050 /* UIKit.framework in Frameworks */,
				FB00000000000000000052 /* Foundation.framework in Frameworks */,
			);
			runOnlyForDeploymentPostprocessing = 0;
		};
/* End PBXFrameworksBuildPhase section */

/* Begin PBXGroup section */
		9F194E352FE124C2005E836B /* Recovered References */ = {
			isa = PBXGroup;
			children = (
				FR00000000000000000039 /* Box.gltf */,
				FR00000000000000000041 /* Box0.bin */,
			);
			name = "Recovered References";
			sourceTree = "<group>";
		};
		GR00000000000000000065 = {
			isa = PBXGroup;
			children = (
				GR00000000000000000066 /* Aether */,
				GR00000000000000000072 /* AetherDemo */,
				GR00000000000000000074 /* Frameworks */,
				GR00000000000000000075 /* Products */,
				9F194E352FE124C2005E836B /* Recovered References */,
			);
			sourceTree = "<group>";
		};
		GR00000000000000000066 /* Aether */ = {
			isa = PBXGroup;
			children = (
				FR00000000000000000000 /* Aether.h */,
				GR00000000000000000067 /* Core */,
				GR00000000000000000068 /* Model */,
				GR00000000000000000069 /* Material */,
				GR00000000000000000070 /* Math */,
				GR00000000000000000071 /* Shaders */,
			);
			name = Aether;
			sourceTree = "<group>";
		};
		GR00000000000000000067 /* Core */ = {
			isa = PBXGroup;
			children = (
				FR00000000000000000001 /* AEEngine.h */,
				FR00000000000000000003 /* AEEngine.m */,
				FR00000000000000000005 /* AECamera.h */,
				FR00000000000000000007 /* AECamera.m */,
				FR00000000000000000009 /* AERenderer.h */,
				FR00000000000000000011 /* AERenderer.m */,
				FR0000000000000000000E /* AEModelView.h */,
				FR0000000000000000000F /* AEModelView.m */,
			);
			name = Core;
			sourceTree = "<group>";
		};
		GR00000000000000000068 /* Model */ = {
			isa = PBXGroup;
			children = (
				FR00000000000000000013 /* AEMesh.h */,
				FR00000000000000000015 /* AEMesh.m */,
				FR00000000000000000017 /* AEGltfLoader.h */,
				FR00000000000000000019 /* AEGltfLoader.m */,
			);
			name = Model;
			sourceTree = "<group>";
		};
		GR00000000000000000069 /* Material */ = {
			isa = PBXGroup;
			children = (
				FR00000000000000000021 /* AEMaterial.h */,
				FR00000000000000000023 /* AEMaterial.m */,
			);
			name = Material;
			sourceTree = "<group>";
		};
		GR00000000000000000070 /* Math */ = {
			isa = PBXGroup;
			children = (
				FR00000000000000000025 /* AEMath.h */,
				FR00000000000000000027 /* AEMath.m */,
			);
			name = Math;
			sourceTree = "<group>";
		};
		GR00000000000000000071 /* Shaders */ = {
			isa = PBXGroup;
			children = (
				FR00000000000000000029 /* Basic.metal */,
			);
			name = Shaders;
			sourceTree = "<group>";
		};
		GR00000000000000000072 /* AetherDemo */ = {
			isa = PBXGroup;
			children = (
				FR00000000000000000031 /* AppDelegate.swift */,
				FR00000000000000000033 /* ViewController.swift */,
				FR00000000000000000035 /* AetherDemo-Bridging-Header.h */,
				FR00000000000000000037 /* Info.plist */,
			);
			name = AetherDemo;
			sourceTree = "<group>";
		};
		GR00000000000000000074 /* Frameworks */ = {
			isa = PBXGroup;
			children = (
				FW00000000000000000043 /* Metal.framework */,
				FW00000000000000000045 /* MetalKit.framework */,
				FW00000000000000000047 /* ModelIO.framework */,
				FW00000000000000000049 /* UIKit.framework */,
				FW00000000000000000051 /* Foundation.framework */,
			);
			name = Frameworks;
			sourceTree = "<group>";
		};
		GR00000000000000000075 /* Products */ = {
			isa = PBXGroup;
			children = (
				PR00000000000000000053 /* AetherDemo.app */,
			);
			name = Products;
			sourceTree = "<group>";
		};
/* End PBXGroup section */

/* Begin PBXNativeTarget section */
		TG00000000000000000054 /* AetherDemo */ = {
			isa = PBXNativeTarget;
			buildConfigurationList = CL00000000000000000060 /* Build configuration list for PBXNativeTarget "AetherDemo" */;
			buildPhases = (
				PH00000000000000000062 /* Sources */,
				PH00000000000000000063 /* Frameworks */,
				PH00000000000000000064 /* Resources */,
			);
			buildRules = (
			);
			dependencies = (
			);
			name = AetherDemo;
			productName = AetherDemo;
			productReference = PR00000000000000000053 /* AetherDemo.app */;
			productType = "com.apple.product-type.application";
		};
/* End PBXNativeTarget section */

/* Begin PBXProject section */
		PR00000000000000000055 /* Project object */ = {
			isa = PBXProject;
			attributes = {
				BuildIndependentTargetsInParallel = 1;
				LastSwiftUpdateCheck = 1500;
				LastUpgradeCheck = 1500;
				TargetAttributes = {
					TG00000000000000000054 = {
						CreatedOnToolsVersion = 15.0;
					};
				};
			};
			buildConfigurationList = CL00000000000000000061 /* Build configuration list for PBXProject "Aether-swift" */;
			compatibilityVersion = "Xcode 14.0";
			developmentRegion = en;
			hasScannedForEncodings = 0;
			knownRegions = (
				en,
				Base,
			);
			mainGroup = GR00000000000000000065;
			productRefGroup = GR00000000000000000075 /* Products */;
			projectDirPath = "";
			projectRoot = "";
			targets = (
				TG00000000000000000054 /* AetherDemo */,
			);
		};
/* End PBXProject section */

/* Begin PBXResourcesBuildPhase section */
		PH00000000000000000064 /* Resources */ = {
			isa = PBXResourcesBuildPhase;
			buildActionMask = 2147483647;
			files = (
				BF00000000000000000040 /* Box.gltf in Resources */,
				BF00000000000000000042 /* Box0.bin in Resources */,
			);
			runOnlyForDeploymentPostprocessing = 0;
		};
/* End PBXResourcesBuildPhase section */

/* Begin PBXSourcesBuildPhase section */
		PH00000000000000000062 /* Sources */ = {
			isa = PBXSourcesBuildPhase;
			buildActionMask = 2147483647;
			files = (
				BF00000000000000000004 /* AEEngine.m in Sources */,
				BF00000000000000000008 /* AECamera.m in Sources */,
				BF00000000000000000012 /* AERenderer.m in Sources */,
				BF00000000000000000014 /* AEModelView.m in Sources */,
				BF00000000000000000016 /* AEMesh.m in Sources */,
				BF00000000000000000020 /* AEGltfLoader.m in Sources */,
				BF00000000000000000024 /* AEMaterial.m in Sources */,
				BF00000000000000000028 /* AEMath.m in Sources */,
				BF00000000000000000030 /* Basic.metal in Sources */,
				BF00000000000000000032 /* AppDelegate.swift in Sources */,
				BF00000000000000000034 /* ViewController.swift in Sources */,
			);
			runOnlyForDeploymentPostprocessing = 0;
		};
/* End PBXSourcesBuildPhase section */

/* Begin XCBuildConfiguration section */
		CF00000000000000000056 /* Debug */ = {
			isa = XCBuildConfiguration;
			buildSettings = {
				ASSETCATALOG_COMPILER_APPICON_NAME = AppIcon;
				CODE_SIGN_STYLE = Automatic;
				CURRENT_PROJECT_VERSION = 1;
				DEVELOPMENT_TEAM = D5M8CJ9NDR;
				GENERATE_INFOPLIST_FILE = YES;
				INFOPLIST_FILE = AetherDemo/Info.plist;
				INFOPLIST_KEY_UIApplicationSupportsIndirectInputEvents = YES;
				INFOPLIST_KEY_UILaunchScreen_Generation = YES;
				INFOPLIST_KEY_UISupportedInterfaceOrientations = UIInterfaceOrientationPortrait;
				IPHONEOS_DEPLOYMENT_TARGET = 15.0;
				LD_RUNPATH_SEARCH_PATHS = (
					"$(inherited)",
					"@executable_path/Frameworks",
				);
				MARKETING_VERSION = 1.0;
				OTHER_LDFLAGS = (
					"-framework",
					Metal,
					"-framework",
					MetalKit,
					"-framework",
					ModelIO,
				);
				PRODUCT_BUNDLE_IDENTIFIER = com.aether.AetherDemo;
				PRODUCT_NAME = "$(TARGET_NAME)";
				SWIFT_OBJC_BRIDGING_HEADER = "AetherDemo/AetherDemo-Bridging-Header.h";
				SWIFT_VERSION = 5.0;
				TARGETED_DEVICE_FAMILY = "1,2";
			};
			name = Debug;
		};
		CF00000000000000000057 /* Release */ = {
			isa = XCBuildConfiguration;
			buildSettings = {
				ASSETCATALOG_COMPILER_APPICON_NAME = AppIcon;
				CODE_SIGN_STYLE = Automatic;
				CURRENT_PROJECT_VERSION = 1;
				DEVELOPMENT_TEAM = D5M8CJ9NDR;
				GENERATE_INFOPLIST_FILE = YES;
				INFOPLIST_FILE = AetherDemo/Info.plist;
				INFOPLIST_KEY_UIApplicationSupportsIndirectInputEvents = YES;
				INFOPLIST_KEY_UILaunchScreen_Generation = YES;
				INFOPLIST_KEY_UISupportedInterfaceOrientations = UIInterfaceOrientationPortrait;
				IPHONEOS_DEPLOYMENT_TARGET = 15.0;
				LD_RUNPATH_SEARCH_PATHS = (
					"$(inherited)",
					"@executable_path/Frameworks",
				);
				MARKETING_VERSION = 1.0;
				OTHER_LDFLAGS = (
					"-framework",
					Metal,
					"-framework",
					MetalKit,
					"-framework",
					ModelIO,
				);
				PRODUCT_BUNDLE_IDENTIFIER = com.aether.AetherDemo;
				PRODUCT_NAME = "$(TARGET_NAME)";
				SWIFT_OBJC_BRIDGING_HEADER = "AetherDemo/AetherDemo-Bridging-Header.h";
				SWIFT_VERSION = 5.0;
				TARGETED_DEVICE_FAMILY = "1,2";
			};
			name = Release;
		};
		CF00000000000000000058 /* Debug */ = {
			isa = XCBuildConfiguration;
			buildSettings = {
				ALWAYS_SEARCH_USER_PATHS = NO;
				CLANG_ANALYZER_NONNULL = YES;
				CLANG_CXX_LANGUAGE_STANDARD = "gnu++20";
				CLANG_ENABLE_MODULES = YES;
				CLANG_ENABLE_OBJC_ARC = YES;
				COPY_PHASE_STRIP = NO;
				DEBUG_INFORMATION_FORMAT = dwarf;
				ENABLE_STRICT_OBJC_MSGSEND = YES;
				ENABLE_TESTABILITY = YES;
				GCC_DYNAMIC_NO_PIC = NO;
				GCC_OPTIMIZATION_LEVEL = 0;
				GCC_PREPROCESSOR_DEFINITIONS = (
					"DEBUG=1",
					"$(inherited)",
				);
				IPHONEOS_DEPLOYMENT_TARGET = 15.0;
				MTL_ENABLE_DEBUG_INFO = INCLUDE_SOURCE;
				ONLY_ACTIVE_ARCH = YES;
				SDKROOT = iphoneos;
				SWIFT_ACTIVE_COMPILATION_CONDITIONS = DEBUG;
				SWIFT_OPTIMIZATION_LEVEL = "-Onone";
			};
			name = Debug;
		};
		CF00000000000000000059 /* Release */ = {
			isa = XCBuildConfiguration;
			buildSettings = {
				ALWAYS_SEARCH_USER_PATHS = NO;
				CLANG_ANALYZER_NONNULL = YES;
				CLANG_CXX_LANGUAGE_STANDARD = "gnu++20";
				CLANG_ENABLE_MODULES = YES;
				CLANG_ENABLE_OBJC_ARC = YES;
				COPY_PHASE_STRIP = NO;
				DEBUG_INFORMATION_FORMAT = "dwarf-with-dsym";
				ENABLE_NS_ASSERTIONS = NO;
				ENABLE_STRICT_OBJC_MSGSEND = YES;
				GCC_OPTIMIZATION_LEVEL = s;
				IPHONEOS_DEPLOYMENT_TARGET = 15.0;
				MTL_ENABLE_DEBUG_INFO = NO;
				SDKROOT = iphoneos;
				SWIFT_COMPILATION_MODE = wholemodule;
				SWIFT_OPTIMIZATION_LEVEL = "-O";
				VALIDATE_PRODUCT = YES;
			};
			name = Release;
		};
/* End XCBuildConfiguration section */

/* Begin XCConfigurationList section */
		CL00000000000000000060 /* Build configuration list for PBXNativeTarget "AetherDemo" */ = {
			isa = XCConfigurationList;
			buildConfigurations = (
				CF00000000000000000056 /* Debug */,
				CF00000000000000000057 /* Release */,
			);
			defaultConfigurationIsVisible = 0;
			defaultConfigurationName = Release;
		};
		CL00000000000000000061 /* Build configuration list for PBXProject "Aether-swift" */ = {
			isa = XCConfigurationList;
			buildConfigurations = (
				CF00000000000000000058 /* Debug */,
				CF00000000000000000059 /* Release */,
			);
			defaultConfigurationIsVisible = 0;
			defaultConfigurationName = Release;
		};
/* End XCConfigurationList section */
	};
	rootObject = PR00000000000000000055 /* Project object */;
}
